
Microsoft Visual Studio Solution File, Format Version 12.00
# Visual Studio Version 17
VisualStudioVersion = 17.7.34024.191
MinimumVisualStudioVersion = 10.0.40219.1
Project("{8BC9CEB8-8B4A-11D0-8D11-00A0C91BC942}") = "laba5.1_dynamic", "laba5.1_dynamic\laba5.1_dynamic.vcxproj", "{CB4083C2-DCD2-49C4-9D53-BEBB2C4ADD99}"
EndProject
Global
	GlobalSection(SolutionConfigurationPlatforms) = preSolution
		Debug|x64 = Debug|x64
		Debug|x86 = Debug|x86
		Release|x64 = Release|x64
		Release|x86 = Release|x86
	EndGlobalSection
	GlobalSection(ProjectConfigurationPlatforms) = postSolution
		{CB4083C2-DCD2-49C4-9D53-BEBB2C4ADD99}.Debug|x64.ActiveCfg = Debug|x64
		{CB4083C2-DCD2-49C4-9D53-BEBB2C4ADD99}.Debug|x64.Build.0 = Debug|x64
		{CB4083C2-DCD2-49C4-9D53-BEBB2C4ADD99}.Debug|x86.ActiveCfg = Debug|Win32
		{CB4083C2-DCD2-49C4-9D53-BEBB2C4ADD99}.Debug|x86.Build.0 = Debug|Win32
		{CB4083C2-DCD2-49C4-9D53-BEBB2C4ADD99}.Release|x64.ActiveCfg = Release|x64
		{CB4083C2-DCD2-49C4-9D53-BEBB2C4ADD99}.Release|x64.Build.0 = Release|x64
		{CB4083C2-DCD2-49C4-9D53-BEBB2C4ADD99}.Release|x86.ActiveCfg = Release|Win32
		{CB4083C2-DCD2-49C4-9D53-BEBB2C4ADD99}.Release|x86.Build.0 = Release|Win32
	EndGlobalSection
	GlobalSection(SolutionProperties) = preSolution
		HideSolutionNode = FALSE
	EndGlobalSection
	GlobalSection(ExtensibilityGlobals) = postSolution
		SolutionGuid = {1E7C5D2B-E085-45A5-A86B-97E528A9C238}
	EndGlobalSection
EndGlobal
